
Microsoft Visual Studio Solution File, Format Version 12.00
# Visual Studio 15
VisualStudioVersion = 15.0.28307.438
MinimumVisualStudioVersion = 10.0.40219.1
Project("{FAE04EC0-301F-11D3-BF4B-00C04F79EFBC}") = "Netlenium", "Intellivoid.Netlenium\Netlenium.csproj", "{14FF0094-5A18-4CA7-BB0C-72A019911C8E}"
EndProject
Project("{FAE04EC0-301F-11D3-BF4B-00C04F79EFBC}") = "Example", "Example\Example.csproj", "{FEF61F1C-0741-4DEC-B444-1D4EFE05716B}"
EndProject
Global
	GlobalSection(SolutionConfigurationPlatforms) = preSolution
		Debug|Any CPU = Debug|Any CPU
		Release|Any CPU = Release|Any CPU
	EndGlobalSection
	GlobalSection(ProjectConfigurationPlatforms) = postSolution
		{14FF0094-5A18-4CA7-BB0C-72A019911C8E}.Debug|Any CPU.ActiveCfg = Debug|Any CPU
		{14FF0094-5A18-4CA7-BB0C-72A019911C8E}.Debug|Any CPU.Build.0 = Debug|Any CPU
		{14FF0094-5A18-4CA7-BB0C-72A019911C8E}.Release|Any CPU.ActiveCfg = Release|Any CPU
		{14FF0094-5A18-4CA7-BB0C-72A019911C8E}.Release|Any CPU.Build.0 = Release|Any CPU
		{FEF61F1C-0741-4DEC-B444-1D4EFE05716B}.Debug|Any CPU.ActiveCfg = Debug|Any CPU
		{FEF61F1C-0741-4DEC-B444-1D4EFE05716B}.Debug|Any CPU.Build.0 = Debug|Any CPU
		{FEF61F1C-0741-4DEC-B444-1D4EFE05716B}.Release|Any CPU.ActiveCfg = Release|Any CPU
		{FEF61F1C-0741-4DEC-B444-1D4EFE05716B}.Release|Any CPU.Build.0 = Release|Any CPU
	EndGlobalSection
	GlobalSection(SolutionProperties) = preSolution
		HideSolutionNode = FALSE
	EndGlobalSection
	GlobalSection(ExtensibilityGlobals) = postSolution
		SolutionGuid = {6862C832-133A-457B-82E9-7D0847152C21}
	EndGlobalSection
EndGlobal
